// !$*UTF8*$!
{
	archiveVersion = 1;
	classes = {
	};
	objectVersion = 50;
	objects = {

/* Begin PBXBuildFile section */
		FC36B63C268983C700475474 /* Tests_iOS.swift in Sources */ = {isa = PBXBuildFile; fileRef = FC36B63B268983C700475474 /* Tests_iOS.swift */; };
		FC36B647268983C700475474 /* Tests_macOS.swift in Sources */ = {isa = PBXBuildFile; fileRef = FC36B646268983C700475474 /* Tests_macOS.swift */; };
		FC36B649268983C700475474 /* World_HelloApp.swift in Sources */ = {isa = PBXBuildFile; fileRef = FC36B620268983C600475474 /* World_HelloApp.swift */; };
		FC36B64A268983C700475474 /* World_HelloApp.swift in Sources */ = {isa = PBXBuildFile; fileRef = FC36B620268983C600475474 /* World_HelloApp.swift */; };
		FC36B64B268983C700475474 /* ContentView.swift in Sources */ = {isa = PBXBuildFile; fileRef = FC36B621268983C600475474 /* ContentView.swift */; };
		FC36B64C268983C700475474 /* ContentView.swift in Sources */ = {isa = PBXBuildFile; fileRef = FC36B621268983C600475474 /* ContentView.swift */; };
		FC36B64D268983C700475474 /* Assets.xcassets in Resources */ = {isa = PBXBuildFile; fileRef = FC36B622268983C700475474 /* Assets.xcassets */; };
		FC36B64E268983C700475474 /* Assets.xcassets in Resources */ = {isa = PBXBuildFile; fileRef = FC36B622268983C700475474 /* Assets.xcassets */; };
/* End PBXBuildFile section */

/* Begin PBXContainerItemProxy section */
		FC36B638268983C700475474 /* PBXContainerItemProxy */ = {
			isa = PBXContainerItemProxy;
			containerPortal = FC36B61B268983C600475474 /* Project object */;
			proxyType = 1;
			remoteGlobalIDString = FC36B626268983C700475474;
			remoteInfo = "World_Hello (iOS)";
		};
		FC36B643268983C700475474 /* PBXContainerItemProxy */ = {
			isa = PBXContainerItemProxy;
			containerPortal = FC36B61B268983C600475474 /* Project object */;
			proxyType = 1;
			remoteGlobalIDString = FC36B62E268983C700475474;
			remoteInfo = "World_Hello (macOS)";
		};
/* End PBXContainerItemProxy section */

/* Begin PBXFileReference section */
		FC36B620268983C600475474 /* World_HelloApp.swift */ = {isa = PBXFileReference; lastKnownFileType = sourcecode.swift; path = World_HelloApp.swift; sourceTree = "<group>"; };
		FC36B621268983C600475474 /* ContentView.swift */ = {isa = PBXFileReference; lastKnownFileType = sourcecode.swift; path = ContentView.swift; sourceTree = "<group>"; };
		FC36B622268983C700475474 /* Assets.xcassets */ = {isa = PBXFileReference; lastKnownFileType = folder.assetcatalog; path = Assets.xcassets; sourceTree = "<group>"; };
		FC36B627268983C700475474 /* World_Hello.app */ = {isa = PBXFileReference; explicitFileType = wrapper.application; includeInIndex = 0; path = World_Hello.app; sourceTree = BUILT_PRODUCTS_DIR; };
		FC36B62A268983C700475474 /* Info.plist */ = {isa = PBXFileReference; lastKnownFileType = text.plist.xml; path = Info.plist; sourceTree = "<group>"; };
		FC36B62F268983C700475474 /* World_Hello.app */ = {isa = PBXFileReference; explicitFileType = wrapper.application; includeInIndex = 0; path = World_Hello.app; sourceTree = BUILT_PRODUCTS_DIR; };
		FC36B631268983C700475474 /* Info.plist */ = {isa = PBXFileReference; lastKnownFileType = text.plist.xml; path = Info.plist; sourceTree = "<group>"; };
		FC36B632268983C700475474 /* macOS.entitlements */ = {isa = PBXFileReference; lastKnownFileType = text.plist.entitlements; path = macOS.entitlements; sourceTree = "<group>"; };
		FC36B637268983C700475474 /* Tests iOS.xctest */ = {isa = PBXFileReference; explicitFileType = wrapper.cfbundle; includeInIndex = 0; path = "Tests iOS.xctest"; sourceTree = BUILT_PRODUCTS_DIR; };
		FC36B63B268983C700475474 /* Tests_iOS.swift */ = {isa = PBXFileReference; lastKnownFileType = sourcecode.swift; path = Tests_iOS.swift; sourceTree = "<group>"; };
		FC36B63D268983C700475474 /* Info.plist */ = {isa = PBXFileReference; lastKnownFileType = text.plist.xml; path = Info.plist; sourceTree = "<group>"; };
		FC36B642268983C700475474 /* Tests macOS.xctest */ = {isa = PBXFileReference; explicitFileType = wrapper.cfbundle; includeInIndex = 0; path = "Tests macOS.xctest"; sourceTree = BUILT_PRODUCTS_DIR; };
		FC36B646268983C700475474 /* Tests_macOS.swift */ = {isa = PBXFileReference; lastKnownFileType = sourcecode.swift; path = Tests_macOS.swift; sourceTree = "<group>"; };
		FC36B648268983C700475474 /* Info.plist */ = {isa = PBXFileReference; lastKnownFileType = text.plist.xml; path = Info.plist; sourceTree = "<group>"; };
/* End PBXFileReference section */

/* Begin PBXFrameworksBuildPhase section */
		FC36B624268983C700475474 /* Frameworks */ = {
			isa = PBXFrameworksBuildPhase;
			buildActionMask = 2147483647;
			files = (
			);
			runOnlyForDeploymentPostprocessing = 0;
		};
		FC36B62C268983C700475474 /* Frameworks */ = {
			isa = PBXFrameworksBuildPhase;
			buildActionMask = 2147483647;
			files = (
			);
			runOnlyForDeploymentPostprocessing = 0;
		};
		FC36B634268983C700475474 /* Frameworks */ = {
			isa = PBXFrameworksBuildPhase;
			buildActionMask = 2147483647;
			files = (
			);
			runOnlyForDeploymentPostprocessing = 0;
		};
		FC36B63F268983C700475474 /* Frameworks */ = {
			isa = PBXFrameworksBuildPhase;
			buildActionMask = 2147483647;
			files = (
			);
			runOnlyForDeploymentPostprocessing = 0;
		};
/* End PBXFrameworksBuildPhase section */

/* Begin PBXGroup section */
		FC36B61A268983C600475474 = {
			isa = PBXGroup;
			children = (
				FC36B61F268983C600475474 /* Shared */,
				FC36B629268983C700475474 /* iOS */,
				FC36B630268983C700475474 /* macOS */,
				FC36B63A268983C700475474 /* Tests iOS */,
				FC36B645268983C700475474 /* Tests macOS */,
				FC36B628268983C700475474 /* Products */,
			);
			sourceTree = "<group>";
		};
		FC36B61F268983C600475474 /* Shared */ = {
			isa = PBXGroup;
			children = (
				FC36B620268983C600475474 /* World_HelloApp.swift */,
				FC36B621268983C600475474 /* ContentView.swift */,
				FC36B622268983C700475474 /* Assets.xcassets */,
			);
			path = Shared;
			sourceTree = "<group>";
		};
		FC36B628268983C700475474 /* Products */ = {
			isa = PBXGroup;
			children = (
				FC36B627268983C700475474 /* World_Hello.app */,
				FC36B62F268983C700475474 /* World_Hello.app */,
				FC36B637268983C700475474 /* Tests iOS.xctest */,
				FC36B642268983C700475474 /* Tests macOS.xctest */,
			);
			name = Products;
			sourceTree = "<group>";
		};
		FC36B629268983C700475474 /* iOS */ = {
			isa = PBXGroup;
			children = (
				FC36B62A268983C700475474 /* Info.plist */,
			);
			path = iOS;
			sourceTree = "<group>";
		};
		FC36B630268983C700475474 /* macOS */ = {
			isa = PBXGroup;
			children = (
				FC36B631268983C700475474 /* Info.plist */,
				FC36B632268983C700475474 /* macOS.entitlements */,
			);
			path = macOS;
			sourceTree = "<group>";
		};
		FC36B63A268983C700475474 /* Tests iOS */ = {
			isa = PBXGroup;
			children = (
				FC36B63B268983C700475474 /* Tests_iOS.swift */,
				FC36B63D268983C700475474 /* Info.plist */,
			);
			path = "Tests iOS";
			sourceTree = "<group>";
		};
		FC36B645268983C700475474 /* Tests macOS */ = {
			isa = PBXGroup;
			children = (
				FC36B646268983C700475474 /* Tests_macOS.swift */,
				FC36B648268983C700475474 /* Info.plist */,
			);
			path = "Tests macOS";
			sourceTree = "<group>";
		};
/* End PBXGroup section */

/* Begin PBXNativeTarget section */
		FC36B626268983C700475474 /* World_Hello (iOS) */ = {
			isa = PBXNativeTarget;
			buildConfigurationList = FC36B651268983C700475474 /* Build configuration list for PBXNativeTarget "World_Hello (iOS)" */;
			buildPhases = (
				FC36B623268983C700475474 /* Sources */,
				FC36B624268983C700475474 /* Frameworks */,
				FC36B625268983C700475474 /* Resources */,
			);
			buildRules = (
			);
			dependencies = (
			);
			name = "World_Hello (iOS)";
			productName = "World_Hello (iOS)";
			productReference = FC36B627268983C700475474 /* World_Hello.app */;
			productType = "com.apple.product-type.application";
		};
		FC36B62E268983C700475474 /* World_Hello (macOS) */ = {
			isa = PBXNativeTarget;
			buildConfigurationList = FC36B654268983C700475474 /* Build configuration list for PBXNativeTarget "World_Hello (macOS)" */;
			buildPhases = (
				FC36B62B268983C700475474 /* Sources */,
				FC36B62C268983C700475474 /* Frameworks */,
				FC36B62D268983C700475474 /* Resources */,
			);
			buildRules = (
			);
			dependencies = (
			);
			name = "World_Hello (macOS)";
			productName = "World_Hello (macOS)";
			productReference = FC36B62F268983C700475474 /* World_Hello.app */;
			productType = "com.apple.product-type.application";
		};
		FC36B636268983C700475474 /* Tests iOS */ = {
			isa = PBXNativeTarget;
			buildConfigurationList = FC36B657268983C700475474 /* Build configuration list for PBXNativeTarget "Tests iOS" */;
			buildPhases = (
				FC36B633268983C700475474 /* Sources */,
				FC36B634268983C700475474 /* Frameworks */,
				FC36B635268983C700475474 /* Resources */,
			);
			buildRules = (
			);
			dependencies = (
				FC36B639268983C700475474 /* PBXTargetDependency */,
			);
			name = "Tests iOS";
			productName = "Tests iOS";
			productReference = FC36B637268983C700475474 /* Tests iOS.xctest */;
			productType = "com.apple.product-type.bundle.ui-testing";
		};
		FC36B641268983C700475474 /* Tests macOS */ = {
			isa = PBXNativeTarget;
			buildConfigurationList = FC36B65A268983C700475474 /* Build configuration list for PBXNativeTarget "Tests macOS" */;
			buildPhases = (
				FC36B63E268983C700475474 /* Sources */,
				FC36B63F268983C700475474 /* Frameworks */,
				FC36B640268983C700475474 /* Resources */,
			);
			buildRules = (
			);
			dependencies = (
				FC36B644268983C700475474 /* PBXTargetDependency */,
			);
			name = "Tests macOS";
			productName = "Tests macOS";
			productReference = FC36B642268983C700475474 /* Tests macOS.xctest */;
			productType = "com.apple.product-type.bundle.ui-testing";
		};
/* End PBXNativeTarget section */

/* Begin PBXProject section */
		FC36B61B268983C600475474 /* Project object */ = {
			isa = PBXProject;
			attributes = {
				LastSwiftUpdateCheck = 1250;
				LastUpgradeCheck = 1250;
				TargetAttributes = {
					FC36B626268983C700475474 = {
						CreatedOnToolsVersion = 12.5.1;
					};
					FC36B62E268983C700475474 = {
						CreatedOnToolsVersion = 12.5.1;
					};
					FC36B636268983C700475474 = {
						CreatedOnToolsVersion = 12.5.1;
						TestTargetID = FC36B626268983C700475474;
					};
					FC36B641268983C700475474 = {
						CreatedOnToolsVersion = 12.5.1;
						TestTargetID = FC36B62E268983C700475474;
					};
				};
			};
			buildConfigurationList = FC36B61E268983C600475474 /* Build configuration list for PBXProject "World_Hello" */;
			compatibilityVersion = "Xcode 9.3";
			developmentRegion = en;
			hasScannedForEncodings = 0;
			knownRegions = (
				en,
				Base,
			);
			mainGroup = FC36B61A268983C600475474;
			productRefGroup = FC36B628268983C700475474 /* Products */;
			projectDirPath = "";
			projectRoot = "";
			targets = (
				FC36B626268983C700475474 /* World_Hello (iOS) */,
				FC36B62E268983C700475474 /* World_Hello (macOS) */,
				FC36B636268983C700475474 /* Tests iOS */,
				FC36B641268983C700475474 /* Tests macOS */,
			);
		};
/* End PBXProject section */

/* Begin PBXResourcesBuildPhase section */
		FC36B625268983C700475474 /* Resources */ = {
			isa = PBXResourcesBuildPhase;
			buildActionMask = 2147483647;
			files = (
				FC36B64D268983C700475474 /* Assets.xcassets in Resources */,
			);
			runOnlyForDeploymentPostprocessing = 0;
		};
		FC36B62D268983C700475474 /* Resources */ = {
			isa = PBXResourcesBuildPhase;
			buildActionMask = 2147483647;
			files = (
				FC36B64E268983C700475474 /* Assets.xcassets in Resources */,
			);
			runOnlyForDeploymentPostprocessing = 0;
		};
		FC36B635268983C700475474 /* Resources */ = {
			isa = PBXResourcesBuildPhase;
			buildActionMask = 2147483647;
			files = (
			);
			runOnlyForDeploymentPostprocessing = 0;
		};
		FC36B640268983C700475474 /* Resources */ = {
			isa = PBXResourcesBuildPhase;
			buildActionMask = 2147483647;
			files = (
			);
			runOnlyForDeploymentPostprocessing = 0;
		};
/* End PBXResourcesBuildPhase section */

/* Begin PBXSourcesBuildPhase section */
		FC36B623268983C700475474 /* Sources */ = {
			isa = PBXSourcesBuildPhase;
			buildActionMask = 2147483647;
			files = (
				FC36B64B268983C700475474 /* ContentView.swift in Sources */,
				FC36B649268983C700475474 /* World_HelloApp.swift in Sources */,
			);
			runOnlyForDeploymentPostprocessing = 0;
		};
		FC36B62B268983C700475474 /* Sources */ = {
			isa = PBXSourcesBuildPhase;
			buildActionMask = 2147483647;
			files = (
				FC36B64C268983C700475474 /* ContentView.swift in Sources */,
				FC36B64A268983C700475474 /* World_HelloApp.swift in Sources */,
			);
			runOnlyForDeploymentPostprocessing = 0;
		};
		FC36B633268983C700475474 /* Sources */ = {
			isa = PBXSourcesBuildPhase;
			buildActionMask = 2147483647;
			files = (
				FC36B63C268983C700475474 /* Tests_iOS.swift in Sources */,
			);
			runOnlyForDeploymentPostprocessing = 0;
		};
		FC36B63E268983C700475474 /* Sources */ = {
			isa = PBXSourcesBuildPhase;
			buildActionMask = 2147483647;
			files = (
				FC36B647268983C700475474 /* Tests_macOS.swift in Sources */,
			);
			runOnlyForDeploymentPostprocessing = 0;
		};
/* End PBXSourcesBuildPhase section */

/* Begin PBXTargetDependency section */
		FC36B639268983C700475474 /* PBXTargetDependency */ = {
			isa = PBXTargetDependency;
			target = FC36B626268983C700475474 /* World_Hello (iOS) */;
			targetProxy = FC36B638268983C700475474 /* PBXContainerItemProxy */;
		};
		FC36B644268983C700475474 /* PBXTargetDependency */ = {
			isa = PBXTargetDependency;
			target = FC36B62E268983C700475474 /* World_Hello (macOS) */;
			targetProxy = FC36B643268983C700475474 /* PBXContainerItemProxy */;
		};
/* End PBXTargetDependency section */

/* Begin XCBuildConfiguration section */
		FC36B64F268983C700475474 /* Debug */ = {
			isa = XCBuildConfiguration;
			buildSettings = {
				ALWAYS_SEARCH_USER_PATHS = NO;
				CLANG_ANALYZER_NONNULL = YES;
				CLANG_ANALYZER_NUMBER_OBJECT_CONVERSION = YES_AGGRESSIVE;
				CLANG_CXX_LANGUAGE_STANDARD = "gnu++14";
				CLANG_CXX_LIBRARY = "libc++";
				CLANG_ENABLE_MODULES = YES;
				CLANG_ENABLE_OBJC_ARC = YES;
				CLANG_ENABLE_OBJC_WEAK = YES;
				CLANG_WARN_BLOCK_CAPTURE_AUTORELEASING = YES;
				CLANG_WARN_BOOL_CONVERSION = YES;
				CLANG_WARN_COMMA = YES;
				CLANG_WARN_CONSTANT_CONVERSION = YES;
				CLANG_WARN_DEPRECATED_OBJC_IMPLEMENTATIONS = YES;
				CLANG_WARN_DIRECT_OBJC_ISA_USAGE = YES_ERROR;
				CLANG_WARN_DOCUMENTATION_COMMENTS = YES;
				CLANG_WARN_EMPTY_BODY = YES;
				CLANG_WARN_ENUM_CONVERSION = YES;
				CLANG_WARN_INFINITE_RECURSION = YES;
				CLANG_WARN_INT_CONVERSION = YES;
				CLANG_WARN_NON_LITERAL_NULL_CONVERSION = YES;
				CLANG_WARN_OBJC_IMPLICIT_RETAIN_SELF = YES;
				CLANG_WARN_OBJC_LITERAL_CONVERSION = YES;
				CLANG_WARN_OBJC_ROOT_CLASS = YES_ERROR;
				CLANG_WARN_QUOTED_INCLUDE_IN_FRAMEWORK_HEADER = YES;
				CLANG_WARN_RANGE_LOOP_ANALYSIS = YES;
				CLANG_WARN_STRICT_PROTOTYPES = YES;
				CLANG_WARN_SUSPICIOUS_MOVE = YES;
				CLANG_WARN_UNGUARDED_AVAILABILITY = YES_AGGRESSIVE;
				CLANG_WARN_UNREACHABLE_CODE = YES;
				CLANG_WARN__DUPLICATE_METHOD_MATCH = YES;
				COPY_PHASE_STRIP = NO;
				DEBUG_INFORMATION_FORMAT = dwarf;
				ENABLE_STRICT_OBJC_MSGSEND = YES;
				ENABLE_TESTABILITY = YES;
				GCC_C_LANGUAGE_STANDARD = gnu11;
				GCC_DYNAMIC_NO_PIC = NO;
				GCC_NO_COMMON_BLOCKS = YES;
				GCC_OPTIMIZATION_LEVEL = 0;
				GCC_PREPROCESSOR_DEFINITIONS = (
					"DEBUG=1",
					"$(inherited)",
				);
				GCC_WARN_64_TO_32_BIT_CONVERSION = YES;
				GCC_WARN_ABOUT_RETURN_TYPE = YES_ERROR;
				GCC_WARN_UNDECLARED_SELECTOR = YES;
				GCC_WARN_UNINITIALIZED_AUTOS = YES_AGGRESSIVE;
				GCC_WARN_UNUSED_FUNCTION = YES;
				GCC_WARN_UNUSED_VARIABLE = YES;
				MTL_ENABLE_DEBUG_INFO = INCLUDE_SOURCE;
				MTL_FAST_MATH = YES;
				ONLY_ACTIVE_ARCH = YES;
				SWIFT_ACTIVE_COMPILATION_CONDITIONS = DEBUG;
				SWIFT_OPTIMIZATION_LEVEL = "-Onone";
			};
			name = Debug;
		};
		FC36B650268983C700475474 /* Release */ = {
			isa = XCBuildConfiguration;
			buildSettings = {
				ALWAYS_SEARCH_USER_PATHS = NO;
				CLANG_ANALYZER_NONNULL = YES;
				CLANG_ANALYZER_NUMBER_OBJECT_CONVERSION = YES_AGGRESSIVE;
				CLANG_CXX_LANGUAGE_STANDARD = "gnu++14";
				CLANG_CXX_LIBRARY = "libc++";
				CLANG_ENABLE_MODULES = YES;
				CLANG_ENABLE_OBJC_ARC = YES;
				CLANG_ENABLE_OBJC_WEAK = YES;
				CLANG_WARN_BLOCK_CAPTURE_AUTORELEASING = YES;
				CLANG_WARN_BOOL_CONVERSION = YES;
				CLANG_WARN_COMMA = YES;
				CLANG_WARN_CONSTANT_CONVERSION = YES;
				CLANG_WARN_DEPRECATED_OBJC_IMPLEMENTATIONS = YES;
				CLANG_WARN_DIRECT_OBJC_ISA_USAGE = YES_ERROR;
				CLANG_WARN_DOCUMENTATION_COMMENTS = YES;
				CLANG_WARN_EMPTY_BODY = YES;
				CLANG_WARN_ENUM_CONVERSION = YES;
				CLANG_WARN_INFINITE_RECURSION = YES;
				CLANG_WARN_INT_CONVERSION = YES;
				CLANG_WARN_NON_LITERAL_NULL_CONVERSION = YES;
				CLANG_WARN_OBJC_IMPLICIT_RETAIN_SELF = YES;
				CLANG_WARN_OBJC_LITERAL_CONVERSION = YES;
				CLANG_WARN_OBJC_ROOT_CLASS = YES_ERROR;
				CLANG_WARN_QUOTED_INCLUDE_IN_FRAMEWORK_HEADER = YES;
				CLANG_WARN_RANGE_LOOP_ANALYSIS = YES;
				CLANG_WARN_STRICT_PROTOTYPES = YES;
				CLANG_WARN_SUSPICIOUS_MOVE = YES;
				CLANG_WARN_UNGUARDED_AVAILABILITY = YES_AGGRESSIVE;
				CLANG_WARN_UNREACHABLE_CODE = YES;
				CLANG_WARN__DUPLICATE_METHOD_MATCH = YES;
				COPY_PHASE_STRIP = NO;
				DEBUG_INFORMATION_FORMAT = "dwarf-with-dsym";
				ENABLE_NS_ASSERTIONS = NO;
				ENABLE_STRICT_OBJC_MSGSEND = YES;
				GCC_C_LANGUAGE_STANDARD = gnu11;
				GCC_NO_COMMON_BLOCKS = YES;
				GCC_WARN_64_TO_32_BIT_CONVERSION = YES;
				GCC_WARN_ABOUT_RETURN_TYPE = YES_ERROR;
				GCC_WARN_UNDECLARED_SELECTOR = YES;
				GCC_WARN_UNINITIALIZED_AUTOS = YES_AGGRESSIVE;
				GCC_WARN_UNUSED_FUNCTION = YES;
				GCC_WARN_UNUSED_VARIABLE = YES;
				MTL_ENABLE_DEBUG_INFO = NO;
				MTL_FAST_MATH = YES;
				SWIFT_COMPILATION_MODE = wholemodule;
				SWIFT_OPTIMIZATION_LEVEL = "-O";
			};
			name = Release;
		};
		FC36B652268983C700475474 /* Debug */ = {
			isa = XCBuildConfiguration;
			buildSettings = {
				ASSETCATALOG_COMPILER_APPICON_NAME = AppIcon;
				ASSETCATALOG_COMPILER_GLOBAL_ACCENT_COLOR_NAME = AccentColor;
				CODE_SIGN_STYLE = Automatic;
				DEVELOPMENT_TEAM = 2HQQ75SA37;
				ENABLE_PREVIEWS = YES;
				INFOPLIST_FILE = iOS/Info.plist;
				IPHONEOS_DEPLOYMENT_TARGET = 14.0;
				LD_RUNPATH_SEARCH_PATHS = (
					"$(inherited)",
					"@executable_path/Frameworks",
				);
				PRODUCT_BUNDLE_IDENTIFIER = "racecar.World-Hello";
				PRODUCT_NAME = World_Hello;
				SDKROOT = iphoneos;
				SWIFT_VERSION = 5.0;
				TARGETED_DEVICE_FAMILY = "1,2";
			};
			name = Debug;
		};
		FC36B653268983C700475474 /* Release */ = {
			isa = XCBuildConfiguration;
			buildSettings = {
				ASSETCATALOG_COMPILER_APPICON_NAME = AppIcon;
				ASSETCATALOG_COMPILER_GLOBAL_ACCENT_COLOR_NAME = AccentColor;
				CODE_SIGN_STYLE = Automatic;
				DEVELOPMENT_TEAM = 2HQQ75SA37;
				ENABLE_PREVIEWS = YES;
				INFOPLIST_FILE = iOS/Info.plist;
				IPHONEOS_DEPLOYMENT_TARGET = 14.0;
				LD_RUNPATH_SEARCH_PATHS = (
					"$(inherited)",
					"@executable_path/Frameworks",
				);
				PRODUCT_BUNDLE_IDENTIFIER = "racecar.World-Hello";
				PRODUCT_NAME = World_Hello;
				SDKROOT = iphoneos;
				SWIFT_VERSION = 5.0;
				TARGETED_DEVICE_FAMILY = "1,2";
				VALIDATE_PRODUCT = YES;
			};
			name = Release;
		};
		FC36B655268983C700475474 /* Debug */ = {
			isa = XCBuildConfiguration;
			buildSettings = {
				ASSETCATALOG_COMPILER_APPICON_NAME = AppIcon;
				ASSETCATALOG_COMPILER_GLOBAL_ACCENT_COLOR_NAME = AccentColor;
				CODE_SIGN_ENTITLEMENTS = macOS/macOS.entitlements;
				CODE_SIGN_STYLE = Automatic;
				COMBINE_HIDPI_IMAGES = YES;
				DEVELOPMENT_TEAM = 2HQQ75SA37;
				ENABLE_HARDENED_RUNTIME = YES;
				ENABLE_PREVIEWS = YES;
				INFOPLIST_FILE = macOS/Info.plist;
				LD_RUNPATH_SEARCH_PATHS = (
					"$(inherited)",
					"@executable_path/../Frameworks",
				);
				MACOSX_DEPLOYMENT_TARGET = 11.0;
				PRODUCT_BUNDLE_IDENTIFIER = "racecar.World-Hello";
				PRODUCT_NAME = World_Hello;
				SDKROOT = macosx;
				SWIFT_VERSION = 5.0;
			};
			name = Debug;
		};
		FC36B656268983C700475474 /* Release */ = {
			isa = XCBuildConfiguration;
			buildSettings = {
				ASSETCATALOG_COMPILER_APPICON_NAME = AppIcon;
				ASSETCATALOG_COMPILER_GLOBAL_ACCENT_COLOR_NAME = AccentColor;
				CODE_SIGN_ENTITLEMENTS = macOS/macOS.entitlements;
				CODE_SIGN_STYLE = Automatic;
				COMBINE_HIDPI_IMAGES = YES;
				DEVELOPMENT_TEAM = 2HQQ75SA37;
				ENABLE_HARDENED_RUNTIME = YES;
				ENABLE_PREVIEWS = YES;
				INFOPLIST_FILE = macOS/Info.plist;
				LD_RUNPATH_SEARCH_PATHS = (
					"$(inherited)",
					"@executable_path/../Frameworks",
				);
				MACOSX_DEPLOYMENT_TARGET = 11.0;
				PRODUCT_BUNDLE_IDENTIFIER = "racecar.World-Hello";
				PRODUCT_NAME = World_Hello;
				SDKROOT = macosx;
				SWIFT_VERSION = 5.0;
			};
			name = Release;
		};
		FC36B658268983C700475474 /* Debug */ = {
			isa = XCBuildConfiguration;
			buildSettings = {
				ALWAYS_EMBED_SWIFT_STANDARD_LIBRARIES = YES;
				CODE_SIGN_STYLE = Automatic;
				DEVELOPMENT_TEAM = 2HQQ75SA37;
				INFOPLIST_FILE = "Tests iOS/Info.plist";
				IPHONEOS_DEPLOYMENT_TARGET = 14.5;
				LD_RUNPATH_SEARCH_PATHS = (
					"$(inherited)",
					"@executable_path/Frameworks",
					"@loader_path/Frameworks",
				);
				PRODUCT_BUNDLE_IDENTIFIER = "racecar.Tests-iOS";
				PRODUCT_NAME = "$(TARGET_NAME)";
				SDKROOT = iphoneos;
				SWIFT_VERSION = 5.0;
				TARGETED_DEVICE_FAMILY = "1,2";
				TEST_TARGET_NAME = "World_Hello (iOS)";
			};
			name = Debug;
		};
		FC36B659268983C700475474 /* Release */ = {
			isa = XCBuildConfiguration;
			buildSettings = {
				ALWAYS_EMBED_SWIFT_STANDARD_LIBRARIES = YES;
				CODE_SIGN_STYLE = Automatic;
				DEVELOPMENT_TEAM = 2HQQ75SA37;
				INFOPLIST_FILE = "Tests iOS/Info.plist";
				IPHONEOS_DEPLOYMENT_TARGET = 14.5;
				LD_RUNPATH_SEARCH_PATHS = (
					"$(inherited)",
					"@executable_path/Frameworks",
					"@loader_path/Frameworks",
				);
				PRODUCT_BUNDLE_IDENTIFIER = "racecar.Tests-iOS";
				PRODUCT_NAME = "$(TARGET_NAME)";
				SDKROOT = iphoneos;
				SWIFT_VERSION = 5.0;
				TARGETED_DEVICE_FAMILY = "1,2";
				TEST_TARGET_NAME = "World_Hello (iOS)";
				VALIDATE_PRODUCT = YES;
			};
			name = Release;
		};
		FC36B65B268983C700475474 /* Debug */ = {
			isa = XCBuildConfiguration;
			buildSettings = {
				ALWAYS_EMBED_SWIFT_STANDARD_LIBRARIES = YES;
				CODE_SIGN_STYLE = Automatic;
				COMBINE_HIDPI_IMAGES = YES;
				DEVELOPMENT_TEAM = 2HQQ75SA37;
				INFOPLIST_FILE = "Tests macOS/Info.plist";
				LD_RUNPATH_SEARCH_PATHS = (
					"$(inherited)",
					"@executable_path/../Frameworks",
					"@loader_path/../Frameworks",
				);
				MACOSX_DEPLOYMENT_TARGET = 11.3;
				PRODUCT_BUNDLE_IDENTIFIER = "racecar.Tests-macOS";
				PRODUCT_NAME = "$(TARGET_NAME)";
				SDKROOT = macosx;
				SWIFT_VERSION = 5.0;
				TEST_TARGET_NAME = "World_Hello (macOS)";
			};
			name = Debug;
		};
		FC36B65C268983C700475474 /* Release */ = {
			isa = XCBuildConfiguration;
			buildSettings = {
				ALWAYS_EMBED_SWIFT_STANDARD_LIBRARIES = YES;
				CODE_SIGN_STYLE = Automatic;
				COMBINE_HIDPI_IMAGES = YES;
				DEVELOPMENT_TEAM = 2HQQ75SA37;
				INFOPLIST_FILE = "Tests macOS/Info.plist";
				LD_RUNPATH_SEARCH_PATHS = (
					"$(inherited)",
					"@executable_path/../Frameworks",
					"@loader_path/../Frameworks",
				);
				MACOSX_DEPLOYMENT_TARGET = 11.3;
				PRODUCT_BUNDLE_IDENTIFIER = "racecar.Tests-macOS";
				PRODUCT_NAME = "$(TARGET_NAME)";
				SDKROOT = macosx;
				SWIFT_VERSION = 5.0;
				TEST_TARGET_NAME = "World_Hello (macOS)";
			};
			name = Release;
		};
/* End XCBuildConfiguration section */

/* Begin XCConfigurationList section */
		FC36B61E268983C600475474 /* Build configuration list for PBXProject "World_Hello" */ = {
			isa = XCConfigurationList;
			buildConfigurations = (
				FC36B64F268983C700475474 /* Debug */,
				FC36B650268983C700475474 /* Release */,
			);
			defaultConfigurationIsVisible = 0;
			defaultConfigurationName = Release;
		};
		FC36B651268983C700475474 /* Build configuration list for PBXNativeTarget "World_Hello (iOS)" */ = {
			isa = XCConfigurationList;
			buildConfigurations = (
				FC36B652268983C700475474 /* Debug */,
				FC36B653268983C700475474 /* Release */,
			);
			defaultConfigurationIsVisible = 0;
			defaultConfigurationName = Release;
		};
		FC36B654268983C700475474 /* Build configuration list for PBXNativeTarget "World_Hello (macOS)" */ = {
			isa = XCConfigurationList;
			buildConfigurations = (
				FC36B655268983C700475474 /* Debug */,
				FC36B656268983C700475474 /* Release */,
			);
			defaultConfigurationIsVisible = 0;
			defaultConfigurationName = Release;
		};
		FC36B657268983C700475474 /* Build configuration list for PBXNativeTarget "Tests iOS" */ = {
			isa = XCConfigurationList;
			buildConfigurations = (
				FC36B658268983C700475474 /* Debug */,
				FC36B659268983C700475474 /* Release */,
			);
			defaultConfigurationIsVisible = 0;
			defaultConfigurationName = Release;
		};
		FC36B65A268983C700475474 /* Build configuration list for PBXNativeTarget "Tests macOS" */ = {
			isa = XCConfigurationList;
			buildConfigurations = (
				FC36B65B268983C700475474 /* Debug */,
				FC36B65C268983C700475474 /* Release */,
			);
			defaultConfigurationIsVisible = 0;
			defaultConfigurationName = Release;
		};
/* End XCConfigurationList section */
	};
	rootObject = FC36B61B268983C600475474 /* Project object */;
}
